// !$*UTF8*$!
{
	archiveVersion = 1;
	classes = {
	};
	objectVersion = 50;
	objects = {

/* Begin PBXBuildFile section */
		8B35EB972580F81400B20227 /* AppDelegate.swift in Sources */ = {isa = PBXBuildFile; fileRef = 8B35EB962580F81400B20227 /* AppDelegate.swift */; };
		8B35EB992580F81400B20227 /* SceneDelegate.swift in Sources */ = {isa = PBXBuildFile; fileRef = 8B35EB982580F81400B20227 /* SceneDelegate.swift */; };
		8B35EB9B2580F81400B20227 /* RecordSoundsViewController.swift in Sources */ = {isa = PBXBuildFile; fileRef = 8B35EB9A2580F81400B20227 /* RecordSoundsViewController.swift */; };
		8B35EB9E2580F81400B20227 /* Main.storyboard in Resources */ = {isa = PBXBuildFile; fileRef = 8B35EB9C2580F81400B20227 /* Main.storyboard */; };
		8B35EBA02580F81600B20227 /* Assets.xcassets in Resources */ = {isa = PBXBuildFile; fileRef = 8B35EB9F2580F81600B20227 /* Assets.xcassets */; };
		8B35EBA32580F81600B20227 /* LaunchScreen.storyboard in Resources */ = {isa = PBXBuildFile; fileRef = 8B35EBA12580F81600B20227 /* LaunchScreen.storyboard */; };
		8B35EBAE2580F81600B20227 /* PitchPerfectTests.swift in Sources */ = {isa = PBXBuildFile; fileRef = 8B35EBAD2580F81600B20227 /* PitchPerfectTests.swift */; };
		8B35EBB92580F81600B20227 /* PitchPerfectUITests.swift in Sources */ = {isa = PBXBuildFile; fileRef = 8B35EBB82580F81600B20227 /* PitchPerfectUITests.swift */; };
		8B92B6D2259A463400F257DF /* PlaySoundsViewControllerExtension.swift in Sources */ = {isa = PBXBuildFile; fileRef = 8B92B6D1259A463400F257DF /* PlaySoundsViewControllerExtension.swift */; };
		8BD54754259A233900D55FDF /* PlaySoundsViewController.swift in Sources */ = {isa = PBXBuildFile; fileRef = 8BD54753259A233900D55FDF /* PlaySoundsViewController.swift */; };
		8BD54755259A233900D55FDF /* PlaySoundsViewController.swift in Sources */ = {isa = PBXBuildFile; fileRef = 8BD54753259A233900D55FDF /* PlaySoundsViewController.swift */; };
		8BD54756259A233900D55FDF /* PlaySoundsViewController.swift in Sources */ = {isa = PBXBuildFile; fileRef = 8BD54753259A233900D55FDF /* PlaySoundsViewController.swift */; };
/* End PBXBuildFile section */

/* Begin PBXContainerItemProxy section */
		8B35EBAA2580F81600B20227 /* PBXContainerItemProxy */ = {
			isa = PBXContainerItemProxy;
			containerPortal = 8B35EB8B2580F81400B20227 /* Project object */;
			proxyType = 1;
			remoteGlobalIDString = 8B35EB922580F81400B20227;
			remoteInfo = PitchPerfect;
		};
		8B35EBB52580F81600B20227 /* PBXContainerItemProxy */ = {
			isa = PBXContainerItemProxy;
			containerPortal = 8B35EB8B2580F81400B20227 /* Project object */;
			proxyType = 1;
			remoteGlobalIDString = 8B35EB922580F81400B20227;
			remoteInfo = PitchPerfect;
		};
/* End PBXContainerItemProxy section */

/* Begin PBXFileReference section */
		8B35EB932580F81400B20227 /* PitchPerfect.app */ = {isa = PBXFileReference; explicitFileType = wrapper.application; includeInIndex = 0; path = PitchPerfect.app; sourceTree = BUILT_PRODUCTS_DIR; };
		8B35EB962580F81400B20227 /* AppDelegate.swift */ = {isa = PBXFileReference; lastKnownFileType = sourcecode.swift; path = AppDelegate.swift; sourceTree = "<group>"; };
		8B35EB982580F81400B20227 /* SceneDelegate.swift */ = {isa = PBXFileReference; lastKnownFileType = sourcecode.swift; path = SceneDelegate.swift; sourceTree = "<group>"; };
		8B35EB9A2580F81400B20227 /* RecordSoundsViewController.swift */ = {isa = PBXFileReference; lastKnownFileType = sourcecode.swift; path = RecordSoundsViewController.swift; sourceTree = "<group>"; };
		8B35EB9D2580F81400B20227 /* Base */ = {isa = PBXFileReference; lastKnownFileType = file.storyboard; name = Base; path = Base.lproj/Main.storyboard; sourceTree = "<group>"; };
		8B35EB9F2580F81600B20227 /* Assets.xcassets */ = {isa = PBXFileReference; lastKnownFileType = folder.assetcatalog; path = Assets.xcassets; sourceTree = "<group>"; };
		8B35EBA22580F81600B20227 /* Base */ = {isa = PBXFileReference; lastKnownFileType = file.storyboard; name = Base; path = Base.lproj/LaunchScreen.storyboard; sourceTree = "<group>"; };
		8B35EBA42580F81600B20227 /* Info.plist */ = {isa = PBXFileReference; lastKnownFileType = text.plist.xml; path = Info.plist; sourceTree = "<group>"; };
		8B35EBA92580F81600B20227 /* PitchPerfectTests.xctest */ = {isa = PBXFileReference; explicitFileType = wrapper.cfbundle; includeInIndex = 0; path = PitchPerfectTests.xctest; sourceTree = BUILT_PRODUCTS_DIR; };
		8B35EBAD2580F81600B20227 /* PitchPerfectTests.swift */ = {isa = PBXFileReference; lastKnownFileType = sourcecode.swift; path = PitchPerfectTests.swift; sourceTree = "<group>"; };
		8B35EBAF2580F81600B20227 /* Info.plist */ = {isa = PBXFileReference; lastKnownFileType = text.plist.xml; path = Info.plist; sourceTree = "<group>"; };
		8B35EBB42580F81600B20227 /* PitchPerfectUITests.xctest */ = {isa = PBXFileReference; explicitFileType = wrapper.cfbundle; includeInIndex = 0; path = PitchPerfectUITests.xctest; sourceTree = BUILT_PRODUCTS_DIR; };
		8B35EBB82580F81600B20227 /* PitchPerfectUITests.swift */ = {isa = PBXFileReference; lastKnownFileType = sourcecode.swift; path = PitchPerfectUITests.swift; sourceTree = "<group>"; };
		8B35EBBA2580F81600B20227 /* Info.plist */ = {isa = PBXFileReference; lastKnownFileType = text.plist.xml; path = Info.plist; sourceTree = "<group>"; };
		8B92B6D1259A463400F257DF /* PlaySoundsViewControllerExtension.swift */ = {isa = PBXFileReference; fileEncoding = 4; lastKnownFileType = sourcecode.swift; path = PlaySoundsViewControllerExtension.swift; sourceTree = "<group>"; };
		8BD54753259A233900D55FDF /* PlaySoundsViewController.swift */ = {isa = PBXFileReference; lastKnownFileType = sourcecode.swift; path = PlaySoundsViewController.swift; sourceTree = "<group>"; };
/* End PBXFileReference section */

/* Begin PBXFrameworksBuildPhase section */
		8B35EB902580F81400B20227 /* Frameworks */ = {
			isa = PBXFrameworksBuildPhase;
			buildActionMask = 2147483647;
			files = (
			);
			runOnlyForDeploymentPostprocessing = 0;
		};
		8B35EBA62580F81600B20227 /* Frameworks */ = {
			isa = PBXFrameworksBuildPhase;
			buildActionMask = 2147483647;
			files = (
			);
			runOnlyForDeploymentPostprocessing = 0;
		};
		8B35EBB12580F81600B20227 /* Frameworks */ = {
			isa = PBXFrameworksBuildPhase;
			buildActionMask = 2147483647;
			files = (
			);
			runOnlyForDeploymentPostprocessing = 0;
		};
/* End PBXFrameworksBuildPhase section */

/* Begin PBXGroup section */
		8B35EB8A2580F81400B20227 = {
			isa = PBXGroup;
			children = (
				8B35EB952580F81400B20227 /* PitchPerfect */,
				8B35EBAC2580F81600B20227 /* PitchPerfectTests */,
				8B35EBB72580F81600B20227 /* PitchPerfectUITests */,
				8B35EB942580F81400B20227 /* Products */,
			);
			sourceTree = "<group>";
		};
		8B35EB942580F81400B20227 /* Products */ = {
			isa = PBXGroup;
			children = (
				8B35EB932580F81400B20227 /* PitchPerfect.app */,
				8B35EBA92580F81600B20227 /* PitchPerfectTests.xctest */,
				8B35EBB42580F81600B20227 /* PitchPerfectUITests.xctest */,
			);
			name = Products;
			sourceTree = "<group>";
		};
		8B35EB952580F81400B20227 /* PitchPerfect */ = {
			isa = PBXGroup;
			children = (
				8B92B6D1259A463400F257DF /* PlaySoundsViewControllerExtension.swift */,
				8B35EB962580F81400B20227 /* AppDelegate.swift */,
				8B35EB982580F81400B20227 /* SceneDelegate.swift */,
				8B35EB9A2580F81400B20227 /* RecordSoundsViewController.swift */,
				8B35EB9C2580F81400B20227 /* Main.storyboard */,
				8B35EB9F2580F81600B20227 /* Assets.xcassets */,
				8B35EBA12580F81600B20227 /* LaunchScreen.storyboard */,
				8B35EBA42580F81600B20227 /* Info.plist */,
				8BD54753259A233900D55FDF /* PlaySoundsViewController.swift */,
			);
			path = PitchPerfect;
			sourceTree = "<group>";
		};
		8B35EBAC2580F81600B20227 /* PitchPerfectTests */ = {
			isa = PBXGroup;
			children = (
				8B35EBAD2580F81600B20227 /* PitchPerfectTests.swift */,
				8B35EBAF2580F81600B20227 /* Info.plist */,
			);
			path = PitchPerfectTests;
			sourceTree = "<group>";
		};
		8B35EBB72580F81600B20227 /* PitchPerfectUITests */ = {
			isa = PBXGroup;
			children = (
				8B35EBB82580F81600B20227 /* PitchPerfectUITests.swift */,
				8B35EBBA2580F81600B20227 /* Info.plist */,
			);
			path = PitchPerfectUITests;
			sourceTree = "<group>";
		};
/* End PBXGroup section */

/* Begin PBXNativeTarget section */
		8B35EB922580F81400B20227 /* PitchPerfect */ = {
			isa = PBXNativeTarget;
			buildConfigurationList = 8B35EBBD2580F81600B20227 /* Build configuration list for PBXNativeTarget "PitchPerfect" */;
			buildPhases = (
				8B35EB8F2580F81400B20227 /* Sources */,
				8B35EB902580F81400B20227 /* Frameworks */,
				8B35EB912580F81400B20227 /* Resources */,
			);
			buildRules = (
			);
			dependencies = (
			);
			name = PitchPerfect;
			productName = PitchPerfect;
			productReference = 8B35EB932580F81400B20227 /* PitchPerfect.app */;
			productType = "com.apple.product-type.application";
		};
		8B35EBA82580F81600B20227 /* PitchPerfectTests */ = {
			isa = PBXNativeTarget;
			buildConfigurationList = 8B35EBC02580F81600B20227 /* Build configuration list for PBXNativeTarget "PitchPerfectTests" */;
			buildPhases = (
				8B35EBA52580F81600B20227 /* Sources */,
				8B35EBA62580F81600B20227 /* Frameworks */,
				8B35EBA72580F81600B20227 /* Resources */,
			);
			buildRules = (
			);
			dependencies = (
				8B35EBAB2580F81600B20227 /* PBXTargetDependency */,
			);
			name = PitchPerfectTests;
			productName = PitchPerfectTests;
			productReference = 8B35EBA92580F81600B20227 /* PitchPerfectTests.xctest */;
			productType = "com.apple.product-type.bundle.unit-test";
		};
		8B35EBB32580F81600B20227 /* PitchPerfectUITests */ = {
			isa = PBXNativeTarget;
			buildConfigurationList = 8B35EBC32580F81600B20227 /* Build configuration list for PBXNativeTarget "PitchPerfectUITests" */;
			buildPhases = (
				8B35EBB02580F81600B20227 /* Sources */,
				8B35EBB12580F81600B20227 /* Frameworks */,
				8B35EBB22580F81600B20227 /* Resources */,
			);
			buildRules = (
			);
			dependencies = (
				8B35EBB62580F81600B20227 /* PBXTargetDependency */,
			);
			name = PitchPerfectUITests;
			productName = PitchPerfectUITests;
			productReference = 8B35EBB42580F81600B20227 /* PitchPerfectUITests.xctest */;
			productType = "com.apple.product-type.bundle.ui-testing";
		};
/* End PBXNativeTarget section */

/* Begin PBXProject section */
		8B35EB8B2580F81400B20227 /* Project object */ = {
			isa = PBXProject;
			attributes = {
				LastSwiftUpdateCheck = 1220;
				LastUpgradeCheck = 1220;
				TargetAttributes = {
					8B35EB922580F81400B20227 = {
						CreatedOnToolsVersion = 12.2;
					};
					8B35EBA82580F81600B20227 = {
						CreatedOnToolsVersion = 12.2;
						TestTargetID = 8B35EB922580F81400B20227;
					};
					8B35EBB32580F81600B20227 = {
						CreatedOnToolsVersion = 12.2;
						TestTargetID = 8B35EB922580F81400B20227;
					};
				};
			};
			buildConfigurationList = 8B35EB8E2580F81400B20227 /* Build configuration list for PBXProject "PitchPerfect" */;
			compatibilityVersion = "Xcode 9.3";
			developmentRegion = en;
			hasScannedForEncodings = 0;
			knownRegions = (
				en,
				Base,
			);
			mainGroup = 8B35EB8A2580F81400B20227;
			productRefGroup = 8B35EB942580F81400B20227 /* Products */;
			projectDirPath = "";
			projectRoot = "";
			targets = (
				8B35EB922580F81400B20227 /* PitchPerfect */,
				8B35EBA82580F81600B20227 /* PitchPerfectTests */,
				8B35EBB32580F81600B20227 /* PitchPerfectUITests */,
			);
		};
/* End PBXProject section */

/* Begin PBXResourcesBuildPhase section */
		8B35EB912580F81400B20227 /* Resources */ = {
			isa = PBXResourcesBuildPhase;
			buildActionMask = 2147483647;
			files = (
				8B35EBA32580F81600B20227 /* LaunchScreen.storyboard in Resources */,
				8B35EBA02580F81600B20227 /* Assets.xcassets in Resources */,
				8B35EB9E2580F81400B20227 /* Main.storyboard in Resources */,
			);
			runOnlyForDeploymentPostprocessing = 0;
		};
		8B35EBA72580F81600B20227 /* Resources */ = {
			isa = PBXResourcesBuildPhase;
			buildActionMask = 2147483647;
			files = (
			);
			runOnlyForDeploymentPostprocessing = 0;
		};
		8B35EBB22580F81600B20227 /* Resources */ = {
			isa = PBXResourcesBuildPhase;
			buildActionMask = 2147483647;
			files = (
			);
			runOnlyForDeploymentPostprocessing = 0;
		};
/* End PBXResourcesBuildPhase section */

/* Begin PBXSourcesBuildPhase section */
		8B35EB8F2580F81400B20227 /* Sources */ = {
			isa = PBXSourcesBuildPhase;
			buildActionMask = 2147483647;
			files = (
				8B35EB9B2580F81400B20227 /* RecordSoundsViewController.swift in Sources */,
				8B35EB972580F81400B20227 /* AppDelegate.swift in Sources */,
				8BD54754259A233900D55FDF /* PlaySoundsViewController.swift in Sources */,
				8B35EB992580F81400B20227 /* SceneDelegate.swift in Sources */,
				8B92B6D2259A463400F257DF /* PlaySoundsViewControllerExtension.swift in Sources */,
			);
			runOnlyForDeploymentPostprocessing = 0;
		};
		8B35EBA52580F81600B20227 /* Sources */ = {
			isa = PBXSourcesBuildPhase;
			buildActionMask = 2147483647;
			files = (
				8BD54755259A233900D55FDF /* PlaySoundsViewController.swift in Sources */,
				8B35EBAE2580F81600B20227 /* PitchPerfectTests.swift in Sources */,
			);
			runOnlyForDeploymentPostprocessing = 0;
		};
		8B35EBB02580F81600B20227 /* Sources */ = {
			isa = PBXSourcesBuildPhase;
			buildActionMask = 2147483647;
			files = (
				8BD54756259A233900D55FDF /* PlaySoundsViewController.swift in Sources */,
				8B35EBB92580F81600B20227 /* PitchPerfectUITests.swift in Sources */,
			);
			runOnlyForDeploymentPostprocessing = 0;
		};
/* End PBXSourcesBuildPhase section */

/* Begin PBXTargetDependency section */
		8B35EBAB2580F81600B20227 /* PBXTargetDependency */ = {
			isa = PBXTargetDependency;
			target = 8B35EB922580F81400B20227 /* PitchPerfect */;
			targetProxy = 8B35EBAA2580F81600B20227 /* PBXContainerItemProxy */;
		};
		8B35EBB62580F81600B20227 /* PBXTargetDependency */ = {
			isa = PBXTargetDependency;
			target = 8B35EB922580F81400B20227 /* PitchPerfect */;
			targetProxy = 8B35EBB52580F81600B20227 /* PBXContainerItemProxy */;
		};
/* End PBXTargetDependency section */

/* Begin PBXVariantGroup section */
		8B35EB9C2580F81400B20227 /* Main.storyboard */ = {
			isa = PBXVariantGroup;
			children = (
				8B35EB9D2580F81400B20227 /* Base */,
			);
			name = Main.storyboard;
			sourceTree = "<group>";
		};
		8B35EBA12580F81600B20227 /* LaunchScreen.storyboard */ = {
			isa = PBXVariantGroup;
			children = (
				8B35EBA22580F81600B20227 /* Base */,
			);
			name = LaunchScreen.storyboard;
			sourceTree = "<group>";
		};
/* End PBXVariantGroup section */

/* Begin XCBuildConfiguration section */
		8B35EBBB2580F81600B20227 /* Debug */ = {
			isa = XCBuildConfiguration;
			buildSettings = {
				ALWAYS_SEARCH_USER_PATHS = NO;
				CLANG_ANALYZER_NONNULL = YES;
				CLANG_ANALYZER_NUMBER_OBJECT_CONVERSION = YES_AGGRESSIVE;
				CLANG_CXX_LANGUAGE_STANDARD = "gnu++14";
				CLANG_CXX_LIBRARY = "libc++";
				CLANG_ENABLE_MODULES = YES;
				CLANG_ENABLE_OBJC_ARC = YES;
				CLANG_ENABLE_OBJC_WEAK = YES;
				CLANG_WARN_BLOCK_CAPTURE_AUTORELEASING = YES;
				CLANG_WARN_BOOL_CONVERSION = YES;
				CLANG_WARN_COMMA = YES;
				CLANG_WARN_CONSTANT_CONVERSION = YES;
				CLANG_WARN_DEPRECATED_OBJC_IMPLEMENTATIONS = YES;
				CLANG_WARN_DIRECT_OBJC_ISA_USAGE = YES_ERROR;
				CLANG_WARN_DOCUMENTATION_COMMENTS = YES;
				CLANG_WARN_EMPTY_BODY = YES;
				CLANG_WARN_ENUM_CONVERSION = YES;
				CLANG_WARN_INFINITE_RECURSION = YES;
				CLANG_WARN_INT_CONVERSION = YES;
				CLANG_WARN_NON_LITERAL_NULL_CONVERSION = YES;
				CLANG_WARN_OBJC_IMPLICIT_RETAIN_SELF = YES;
				CLANG_WARN_OBJC_LITERAL_CONVERSION = YES;
				CLANG_WARN_OBJC_ROOT_CLASS = YES_ERROR;
				CLANG_WARN_QUOTED_INCLUDE_IN_FRAMEWORK_HEADER = YES;
				CLANG_WARN_RANGE_LOOP_ANALYSIS = YES;
				CLANG_WARN_STRICT_PROTOTYPES = YES;
				CLANG_WARN_SUSPICIOUS_MOVE = YES;
				CLANG_WARN_UNGUARDED_AVAILABILITY = YES_AGGRESSIVE;
				CLANG_WARN_UNREACHABLE_CODE = YES;
				CLANG_WARN__DUPLICATE_METHOD_MATCH = YES;
				COPY_PHASE_STRIP = NO;
				DEBUG_INFORMATION_FORMAT = dwarf;
				ENABLE_STRICT_OBJC_MSGSEND = YES;
				ENABLE_TESTABILITY = YES;
				GCC_C_LANGUAGE_STANDARD = gnu11;
				GCC_DYNAMIC_NO_PIC = NO;
				GCC_NO_COMMON_BLOCKS = YES;
				GCC_OPTIMIZATION_LEVEL = 0;
				GCC_PREPROCESSOR_DEFINITIONS = (
					"DEBUG=1",
					"$(inherited)",
				);
				GCC_WARN_64_TO_32_BIT_CONVERSION = YES;
				GCC_WARN_ABOUT_RETURN_TYPE = YES_ERROR;
				GCC_WARN_UNDECLARED_SELECTOR = YES;
				GCC_WARN_UNINITIALIZED_AUTOS = YES_AGGRESSIVE;
				GCC_WARN_UNUSED_FUNCTION = YES;
				GCC_WARN_UNUSED_VARIABLE = YES;
				IPHONEOS_DEPLOYMENT_TARGET = 14.2;
				MTL_ENABLE_DEBUG_INFO = INCLUDE_SOURCE;
				MTL_FAST_MATH = YES;
				ONLY_ACTIVE_ARCH = YES;
				SDKROOT = iphoneos;
				SWIFT_ACTIVE_COMPILATION_CONDITIONS = DEBUG;
				SWIFT_OPTIMIZATION_LEVEL = "-Onone";
			};
			name = Debug;
		};
		8B35EBBC2580F81600B20227 /* Release */ = {
			isa = XCBuildConfiguration;
			buildSettings = {
				ALWAYS_SEARCH_USER_PATHS = NO;
				CLANG_ANALYZER_NONNULL = YES;
				CLANG_ANALYZER_NUMBER_OBJECT_CONVERSION = YES_AGGRESSIVE;
				CLANG_CXX_LANGUAGE_STANDARD = "gnu++14";
				CLANG_CXX_LIBRARY = "libc++";
				CLANG_ENABLE_MODULES = YES;
				CLANG_ENABLE_OBJC_ARC = YES;
				CLANG_ENABLE_OBJC_WEAK = YES;
				CLANG_WARN_BLOCK_CAPTURE_AUTORELEASING = YES;
				CLANG_WARN_BOOL_CONVERSION = YES;
				CLANG_WARN_COMMA = YES;
				CLANG_WARN_CONSTANT_CONVERSION = YES;
				CLANG_WARN_DEPRECATED_OBJC_IMPLEMENTATIONS = YES;
				CLANG_WARN_DIRECT_OBJC_ISA_USAGE = YES_ERROR;
				CLANG_WARN_DOCUMENTATION_COMMENTS = YES;
				CLANG_WARN_EMPTY_BODY = YES;
				CLANG_WARN_ENUM_CONVERSION = YES;
				CLANG_WARN_INFINITE_RECURSION = YES;
				CLANG_WARN_INT_CONVERSION = YES;
				CLANG_WARN_NON_LITERAL_NULL_CONVERSION = YES;
				CLANG_WARN_OBJC_IMPLICIT_RETAIN_SELF = YES;
				CLANG_WARN_OBJC_LITERAL_CONVERSION = YES;
				CLANG_WARN_OBJC_ROOT_CLASS = YES_ERROR;
				CLANG_WARN_QUOTED_INCLUDE_IN_FRAMEWORK_HEADER = YES;
				CLANG_WARN_RANGE_LOOP_ANALYSIS = YES;
				CLANG_WARN_STRICT_PROTOTYPES = YES;
				CLANG_WARN_SUSPICIOUS_MOVE = YES;
				CLANG_WARN_UNGUARDED_AVAILABILITY = YES_AGGRESSIVE;
				CLANG_WARN_UNREACHABLE_CODE = YES;
				CLANG_WARN__DUPLICATE_METHOD_MATCH = YES;
				COPY_PHASE_STRIP = NO;
				DEBUG_INFORMATION_FORMAT = "dwarf-with-dsym";
				ENABLE_NS_ASSERTIONS = NO;
				ENABLE_STRICT_OBJC_MSGSEND = YES;
				GCC_C_LANGUAGE_STANDARD = gnu11;
				GCC_NO_COMMON_BLOCKS = YES;
				GCC_WARN_64_TO_32_BIT_CONVERSION = YES;
				GCC_WARN_ABOUT_RETURN_TYPE = YES_ERROR;
				GCC_WARN_UNDECLARED_SELECTOR = YES;
				GCC_WARN_UNINITIALIZED_AUTOS = YES_AGGRESSIVE;
				GCC_WARN_UNUSED_FUNCTION = YES;
				GCC_WARN_UNUSED_VARIABLE = YES;
				IPHONEOS_DEPLOYMENT_TARGET = 14.2;
				MTL_ENABLE_DEBUG_INFO = NO;
				MTL_FAST_MATH = YES;
				SDKROOT = iphoneos;
				SWIFT_COMPILATION_MODE = wholemodule;
				SWIFT_OPTIMIZATION_LEVEL = "-O";
				VALIDATE_PRODUCT = YES;
			};
			name = Release;
		};
		8B35EBBE2580F81600B20227 /* Debug */ = {
			isa = XCBuildConfiguration;
			buildSettings = {
				ASSETCATALOG_COMPILER_APPICON_NAME = AppIcon;
				ASSETCATALOG_COMPILER_GLOBAL_ACCENT_COLOR_NAME = AccentColor;
				CODE_SIGN_STYLE = Automatic;
				INFOPLIST_FILE = PitchPerfect/Info.plist;
				LD_RUNPATH_SEARCH_PATHS = (
					"$(inherited)",
					"@executable_path/Frameworks",
				);
				PRODUCT_BUNDLE_IDENTIFIER = com.festusyuma.PitchPerfect;
				PRODUCT_NAME = "$(TARGET_NAME)";
				SWIFT_VERSION = 5.0;
				TARGETED_DEVICE_FAMILY = "1,2";
			};
			name = Debug;
		};
		8B35EBBF2580F81600B20227 /* Release */ = {
			isa = XCBuildConfiguration;
			buildSettings = {
				ASSETCATALOG_COMPILER_APPICON_NAME = AppIcon;
				ASSETCATALOG_COMPILER_GLOBAL_ACCENT_COLOR_NAME = AccentColor;
				CODE_SIGN_STYLE = Automatic;
				INFOPLIST_FILE = PitchPerfect/Info.plist;
				LD_RUNPATH_SEARCH_PATHS = (
					"$(inherited)",
					"@executable_path/Frameworks",
				);
				PRODUCT_BUNDLE_IDENTIFIER = com.festusyuma.PitchPerfect;
				PRODUCT_NAME = "$(TARGET_NAME)";
				SWIFT_VERSION = 5.0;
				TARGETED_DEVICE_FAMILY = "1,2";
			};
			name = Release;
		};
		8B35EBC12580F81600B20227 /* Debug */ = {
			isa = XCBuildConfiguration;
			buildSettings = {
				ALWAYS_EMBED_SWIFT_STANDARD_LIBRARIES = YES;
				BUNDLE_LOADER = "$(TEST_HOST)";
				CODE_SIGN_STYLE = Automatic;
				INFOPLIST_FILE = PitchPerfectTests/Info.plist;
				IPHONEOS_DEPLOYMENT_TARGET = 14.2;
				LD_RUNPATH_SEARCH_PATHS = (
					"$(inherited)",
					"@executable_path/Frameworks",
					"@loader_path/Frameworks",
				);
				PRODUCT_BUNDLE_IDENTIFIER = com.festusyuma.PitchPerfectTests;
				PRODUCT_NAME = "$(TARGET_NAME)";
				SWIFT_VERSION = 5.0;
				TARGETED_DEVICE_FAMILY = "1,2";
				TEST_HOST = "$(BUILT_PRODUCTS_DIR)/PitchPerfect.app/PitchPerfect";
			};
			name = Debug;
		};
		8B35EBC22580F81600B20227 /* Release */ = {
			isa = XCBuildConfiguration;
			buildSettings = {
				ALWAYS_EMBED_SWIFT_STANDARD_LIBRARIES = YES;
				BUNDLE_LOADER = "$(TEST_HOST)";
				CODE_SIGN_STYLE = Automatic;
				INFOPLIST_FILE = PitchPerfectTests/Info.plist;
				IPHONEOS_DEPLOYMENT_TARGET = 14.2;
				LD_RUNPATH_SEARCH_PATHS = (
					"$(inherited)",
					"@executable_path/Frameworks",
					"@loader_path/Frameworks",
				);
				PRODUCT_BUNDLE_IDENTIFIER = com.festusyuma.PitchPerfectTests;
				PRODUCT_NAME = "$(TARGET_NAME)";
				SWIFT_VERSION = 5.0;
				TARGETED_DEVICE_FAMILY = "1,2";
				TEST_HOST = "$(BUILT_PRODUCTS_DIR)/PitchPerfect.app/PitchPerfect";
			};
			name = Release;
		};
		8B35EBC42580F81600B20227 /* Debug */ = {
			isa = XCBuildConfiguration;
			buildSettings = {
				ALWAYS_EMBED_SWIFT_STANDARD_LIBRARIES = YES;
				CODE_SIGN_STYLE = Automatic;
				INFOPLIST_FILE = PitchPerfectUITests/Info.plist;
				LD_RUNPATH_SEARCH_PATHS = (
					"$(inherited)",
					"@executable_path/Frameworks",
					"@loader_path/Frameworks",
				);
				PRODUCT_BUNDLE_IDENTIFIER = com.festusyuma.PitchPerfectUITests;
				PRODUCT_NAME = "$(TARGET_NAME)";
				SWIFT_VERSION = 5.0;
				TARGETED_DEVICE_FAMILY = "1,2";
				TEST_TARGET_NAME = PitchPerfect;
			};
			name = Debug;
		};
		8B35EBC52580F81600B20227 /* Release */ = {
			isa = XCBuildConfiguration;
			buildSettings = {
				ALWAYS_EMBED_SWIFT_STANDARD_LIBRARIES = YES;
				CODE_SIGN_STYLE = Automatic;
				INFOPLIST_FILE = PitchPerfectUITests/Info.plist;
				LD_RUNPATH_SEARCH_PATHS = (
					"$(inherited)",
					"@executable_path/Frameworks",
					"@loader_path/Frameworks",
				);
				PRODUCT_BUNDLE_IDENTIFIER = com.festusyuma.PitchPerfectUITests;
				PRODUCT_NAME = "$(TARGET_NAME)";
				SWIFT_VERSION = 5.0;
				TARGETED_DEVICE_FAMILY = "1,2";
				TEST_TARGET_NAME = PitchPerfect;
			};
			name = Release;
		};
/* End XCBuildConfiguration section */

/* Begin XCConfigurationList section */
		8B35EB8E2580F81400B20227 /* Build configuration list for PBXProject "PitchPerfect" */ = {
			isa = XCConfigurationList;
			buildConfigurations = (
				8B35EBBB2580F81600B20227 /* Debug */,
				8B35EBBC2580F81600B20227 /* Release */,
			);
			defaultConfigurationIsVisible = 0;
			defaultConfigurationName = Release;
		};
		8B35EBBD2580F81600B20227 /* Build configuration list for PBXNativeTarget "PitchPerfect" */ = {
			isa = XCConfigurationList;
			buildConfigurations = (
				8B35EBBE2580F81600B20227 /* Debug */,
				8B35EBBF2580F81600B20227 /* Release */,
			);
			defaultConfigurationIsVisible = 0;
			defaultConfigurationName = Release;
		};
		8B35EBC02580F81600B20227 /* Build configuration list for PBXNativeTarget "PitchPerfectTests" */ = {
			isa = XCConfigurationList;
			buildConfigurations = (
				8B35EBC12580F81600B20227 /* Debug */,
				8B35EBC22580F81600B20227 /* Release */,
			);
			defaultConfigurationIsVisible = 0;
			defaultConfigurationName = Release;
		};
		8B35EBC32580F81600B20227 /* Build configuration list for PBXNativeTarget "PitchPerfectUITests" */ = {
			isa = XCConfigurationList;
			buildConfigurations = (
				8B35EBC42580F81600B20227 /* Debug */,
				8B35EBC52580F81600B20227 /* Release */,
			);
			defaultConfigurationIsVisible = 0;
			defaultConfigurationName = Release;
		};
/* End XCConfigurationList section */
	};
	rootObject = 8B35EB8B2580F81400B20227 /* Project object */;
}
